
Microsoft Visual Studio Solution File, Format Version 12.00
# Visual Studio Version 16
VisualStudioVersion = 16.0.29709.97
MinimumVisualStudioVersion = 10.0.40219.1
Project("{FAE04EC0-301F-11D3-BF4B-00C04F79EFBC}") = "Challenge", "Challenge\Challenge.csproj", "{02C1204B-728C-4827-8290-88139FC469B7}"
EndProject
Project("{FAE04EC0-301F-11D3-BF4B-00C04F79EFBC}") = "Datos", "Datos\Datos.csproj", "{8F21D761-268D-43DA-8186-BC117279B0AB}"
EndProject
Project("{FAE04EC0-301F-11D3-BF4B-00C04F79EFBC}") = "Negocio", "Negocio\Negocio.csproj", "{085038DC-D241-4159-BD5E-5E819E37FEE7}"
EndProject
Global
	GlobalSection(SolutionConfigurationPlatforms) = preSolution
		Debug|Any CPU = Debug|Any CPU
		Release|Any CPU = Release|Any CPU
	EndGlobalSection
	GlobalSection(ProjectConfigurationPlatforms) = postSolution
		{02C1204B-728C-4827-8290-88139FC469B7}.Debug|Any CPU.ActiveCfg = Debug|Any CPU
		{02C1204B-728C-4827-8290-88139FC469B7}.Debug|Any CPU.Build.0 = Debug|Any CPU
		{02C1204B-728C-4827-8290-88139FC469B7}.Release|Any CPU.ActiveCfg = Release|Any CPU
		{02C1204B-728C-4827-8290-88139FC469B7}.Release|Any CPU.Build.0 = Release|Any CPU
		{8F21D761-268D-43DA-8186-BC117279B0AB}.Debug|Any CPU.ActiveCfg = Debug|Any CPU
		{8F21D761-268D-43DA-8186-BC117279B0AB}.Debug|Any CPU.Build.0 = Debug|Any CPU
		{8F21D761-268D-43DA-8186-BC117279B0AB}.Release|Any CPU.ActiveCfg = Release|Any CPU
		{8F21D761-268D-43DA-8186-BC117279B0AB}.Release|Any CPU.Build.0 = Release|Any CPU
		{085038DC-D241-4159-BD5E-5E819E37FEE7}.Debug|Any CPU.ActiveCfg = Debug|Any CPU
		{085038DC-D241-4159-BD5E-5E819E37FEE7}.Debug|Any CPU.Build.0 = Debug|Any CPU
		{085038DC-D241-4159-BD5E-5E819E37FEE7}.Release|Any CPU.ActiveCfg = Release|Any CPU
		{085038DC-D241-4159-BD5E-5E819E37FEE7}.Release|Any CPU.Build.0 = Release|Any CPU
	EndGlobalSection
	GlobalSection(SolutionProperties) = preSolution
		HideSolutionNode = FALSE
	EndGlobalSection
	GlobalSection(ExtensibilityGlobals) = postSolution
		SolutionGuid = {7F359D85-7C5C-4862-B511-03D6831BB3DF}
	EndGlobalSection
EndGlobal
